
Microsoft Visual Studio Solution File, Format Version 12.00
# Visual Studio 15
VisualStudioVersion = 15.0.27428.2043
MinimumVisualStudioVersion = 10.0.40219.1
Project("{FAE04EC0-301F-11D3-BF4B-00C04F79EFBC}") = "AzureProjMVC", "AzureProjMVC\AzureProjMVC.csproj", "{19651629-4DCD-4A00-9AF0-E03F411739BC}"
EndProject
Global
	GlobalSection(SolutionConfigurationPlatforms) = preSolution
		Debug|Any CPU = Debug|Any CPU
		Release|Any CPU = Release|Any CPU
	EndGlobalSection
	GlobalSection(ProjectConfigurationPlatforms) = postSolution
		{19651629-4DCD-4A00-9AF0-E03F411739BC}.Debug|Any CPU.ActiveCfg = Debug|Any CPU
		{19651629-4DCD-4A00-9AF0-E03F411739BC}.Debug|Any CPU.Build.0 = Debug|Any CPU
		{19651629-4DCD-4A00-9AF0-E03F411739BC}.Release|Any CPU.ActiveCfg = Release|Any CPU
		{19651629-4DCD-4A00-9AF0-E03F411739BC}.Release|Any CPU.Build.0 = Release|Any CPU
	EndGlobalSection
	GlobalSection(SolutionProperties) = preSolution
		HideSolutionNode = FALSE
	EndGlobalSection
	GlobalSection(ExtensibilityGlobals) = postSolution
		SolutionGuid = {D2910C37-C796-411F-8A6B-38B127B5FDF8}
	EndGlobalSection
EndGlobal
